<?xml version="1.0" encoding="utf-8"?>
<Project ToolsVersion="4.0" xmlns="http://schemas.microsoft.com/developer/msbuild/2003">
  <ItemGroup>
    <Filter Include="Source Files">
      <UniqueIdentifier>{4FC737F1-C7A5-4376-A066-2A32D752A2FF}</UniqueIdentifier>
      <Extensions>cpp;c;cc;cxx;def;odl;idl;hpj;bat;asm;asmx</Extensions>
    </Filter>
    <Filter Include="Header Files">
      <UniqueIdentifier>{93995380-89BD-4b04-88EB-625FBE52EBFB}</UniqueIdentifier>
      <Extensions>h;hh;hpp;hxx;hm;inl;inc;ipp;xsd</Extensions>
    </Filter>
    <Filter Include="Resource Files">
      <UniqueIdentifier>{67DA6AB6-F800-4c08-8B7A-83BB121AAD01}</UniqueIdentifier>
      <Extensions>rc;ico;cur;bmp;dlg;rc2;rct;bin;rgs;gif;jpg;jpeg;jpe;resx;tiff;tif;png;wav;mfcribbon-ms</Extensions>
    </Filter>
    <Filter Include="Header Files\Commands">
      <UniqueIdentifier>{7f728c00-7510-410f-b42d-5bc007ce2cd3}</UniqueIdentifier>
    </Filter>
    <Filter Include="Header Files\Entities">
      <UniqueIdentifier>{f47f2fa4-0111-4ae3-8eb1-7e871d01a79f}</UniqueIdentifier>
    </Filter>
    <Filter Include="Header Files\FileDB">
      <UniqueIdentifier>{966e14a5-386e-4c6a-8b3c-3a8d456b7a3b}</UniqueIdentifier>
    </Filter>
    <Filter Include="Header Files\Services">
      <UniqueIdentifier>{bdd28cf9-507a-4f91-839b-fdaaa973ccc9}</UniqueIdentifier>
    </Filter>
  </ItemGroup>
  <ItemGroup>
    <ClCompile Include="main.cpp">
      <Filter>Source Files</Filter>
    </ClCompile>
    <ClCompile Include="CommandShell.cpp">
      <Filter>Source Files</Filter>
    </ClCompile>
    <ClCompile Include="DisqualificationReason.cpp">
      <Filter>Source Files</Filter>
    </ClCompile>
    <ClCompile Include="KindOfSport.cpp">
      <Filter>Source Files</Filter>
    </ClCompile>
    <ClCompile Include="Team.cpp">
      <Filter>Source Files</Filter>
    </ClCompile>
    <ClCompile Include="WarningReason.cpp">
      <Filter>Source Files</Filter>
    </ClCompile>
    <ClCompile Include="Player.cpp">
      <Filter>Source Files</Filter>
    </ClCompile>
    <ClCompile Include="Game.cpp">
      <Filter>Source Files</Filter>
    </ClCompile>
    <ClCompile Include="Disqualification.cpp">
      <Filter>Source Files</Filter>
    </ClCompile>
    <ClCompile Include="Warning.cpp">
      <Filter>Source Files</Filter>
    </ClCompile>
    <ClCompile Include="FileDB.cpp">
      <Filter>Source Files</Filter>
    </ClCompile>
    <ClCompile Include="MD5.cpp">
      <Filter>Source Files</Filter>
    </ClCompile>
  </ItemGroup>
  <ItemGroup>
    <ClInclude Include="StartNewGame.h">
      <Filter>Header Files\Commands</Filter>
    </ClInclude>
    <ClInclude Include="Command.h">
      <Filter>Header Files\Commands</Filter>
    </ClInclude>
    <ClInclude Include="CommandShell.h">
      <Filter>Header Files</Filter>
    </ClInclude>
    <ClInclude Include="CreateWarning.h">
      <Filter>Header Files\Commands</Filter>
    </ClInclude>
    <ClInclude Include="GameExecutor.h">
      <Filter>Header Files\Commands</Filter>
    </ClInclude>
    <ClInclude Include="GoalCommand.h">
      <Filter>Header Files\Commands</Filter>
    </ClInclude>
    <ClInclude Include="CreateDisqualificationCommand.h">
      <Filter>Header Files\Commands</Filter>
    </ClInclude>
    <ClInclude Include="GameEndCommand.h">
      <Filter>Header Files\Commands</Filter>
    </ClInclude>
    <ClInclude Include="GetTeamsListCommand.h">
      <Filter>Header Files\Commands</Filter>
    </ClInclude>
    <ClInclude Include="GetSportsNamesCommand.h">
      <Filter>Header Files\Commands</Filter>
    </ClInclude>
    <ClInclude Include="Disqualification.h">
      <Filter>Header Files\Entities</Filter>
    </ClInclude>
    <ClInclude Include="DisqualificationReason.h">
      <Filter>Header Files\Entities</Filter>
    </ClInclude>
    <ClInclude Include="Game.h">
      <Filter>Header Files\Entities</Filter>
    </ClInclude>
    <ClInclude Include="KindOfSport.h">
      <Filter>Header Files\Entities</Filter>
    </ClInclude>
    <ClInclude Include="Player.h">
      <Filter>Header Files\Entities</Filter>
    </ClInclude>
    <ClInclude Include="Team.h">
      <Filter>Header Files\Entities</Filter>
    </ClInclude>
    <ClInclude Include="Warning.h">
      <Filter>Header Files\Entities</Filter>
    </ClInclude>
    <ClInclude Include="WarningReason.h">
      <Filter>Header Files\Entities</Filter>
    </ClInclude>
    <ClInclude Include="ListGamesCommand.h">
      <Filter>Header Files\Commands</Filter>
    </ClInclude>
    <ClInclude Include="GetGameStatistic.h">
      <Filter>Header Files\Commands</Filter>
    </ClInclude>
    <ClInclude Include="FileDB.h">
      <Filter>Header Files\FileDB</Filter>
    </ClInclude>
    <ClInclude Include="IEntity.h">
      <Filter>Header Files\FileDB</Filter>
    </ClInclude>
    <ClInclude Include="AdminLoginCommand.h">
      <Filter>Header Files\Commands</Filter>
    </ClInclude>
    <ClInclude Include="MD5.h">
      <Filter>Header Files\Services</Filter>
    </ClInclude>
    <ClInclude Include="AdminShell.h">
      <Filter>Header Files\Commands</Filter>
    </ClInclude>
    <ClInclude Include="CreateSportCommand.h">
      <Filter>Header Files\Commands</Filter>
    </ClInclude>
  </ItemGroup>
  <ItemGroup>
    <None Include="ClassDiagram.cd" />
  </ItemGroup>
</Project>